{
  "name": "welcom",
  "version": "2.0.0",
  "lockfileVersion": 1,
  "requires": true,
  "dependencies": {
    "async": {
      "version": "3.2.2",
      "resolved": "https://registry.npmjs.org/async/-/async-3.2.2.tgz",
      "integrity": "sha512-H0E+qZaDEfx/FY4t7iLRv1W2fFI6+pyCeTw1uN20AQPiwqwM6ojPxHxdLv4z8hi2DtnW9BOckSspLucW7pIE5g=="
    },
    "body-parser": {
      "version": "1.18.1",
      "resolved": "https://registry.npmjs.org/body-parser/-/body-parser-1.18.1.tgz",
      "integrity": "sha512-KL2pZpGvy6xuZHgYUznB1Zfw4AoGMApfRanT5NafeLvglbaSM+4CCtmlyYOv66oYXqvKL1xpaFb94V/AZVUnYg==",
      "dependencies": {
        "bytes": {
          "version": "3.0.0",
          "resolved": "https://registry.npmjs.org/bytes/-/bytes-3.0.0.tgz",
          "integrity": "sha1-0ygVQE1olpn4Wk6k+odV3ROpYEg="
        },
        "content-type": {
          "version": "1.0.4",
          "resolved": "https://registry.npmjs.org/content-type/-/content-type-1.0.4.tgz",
          "integrity": "sha512-hIP3EEPs8tB9AT1L+NUqtwOAps4mk2Zob89MWXMHjHWg9milF/j4osnnQLXBCBFBk/tvIG/tUc9mOUJiPBhPXA=="
        },
        "depd": {
          "version": "1.1.1",
          "resolved": "https://registry.npmjs.org/depd/-/depd-1.1.1.tgz",
          "integrity": "sha1-V4O04cRZ8G+lyif5kfPQbnoxA1k="
        },
        "http-errors": {
          "version": "1.6.2",
          "resolved": "https://registry.npmjs.org/http-errors/-/http-errors-1.6.2.tgz",
          "integrity": "sha1-CgAsyFcHGSp+eUbO7cERVfYOxzY="
        },
        "iconv-lite": {
          "version": "0.4.19",
          "resolved": "https://registry.npmjs.org/iconv-lite/-/iconv-lite-0.4.19.tgz",
          "integrity": "sha512-oTZqweIP51xaGPI4uPa56/Pri/480R+mo7SeU+YETByQNhDG55ycFyNLIgta9vXhILrxXDmF7ZGhqZIcuN0gJQ=="
        },
        "qs": {
          "version": "6.5.1",
          "resolved": "https://registry.npmjs.org/qs/-/qs-6.5.1.tgz",
          "integrity": "sha512-eRzhrN1WSINYCDCbrz796z37LOe3m5tmW7RQf6oBntukAG1nmovJvhnwHHRMAfeoItc1m2Hk02WER2aQ/iqs+A=="
        },
        "raw-body": {
          "version": "2.3.2",
          "resolved": "https://registry.npmjs.org/raw-body/-/raw-body-2.3.2.tgz",
          "integrity": "sha1-vNYMd9Prk83gBQKVw/N5OJvIj4k="
        }
      }
    },
    "chai": {
      "version": "4.1.2",
      "resolved": "https://registry.npmjs.org/chai/-/chai-4.1.2.tgz",
      "integrity": "sha1-D2RYS6ZC8PKs4oBiefTwbKI61zw=",
      "dev": true,
      "dependencies": {
        "deep-eql": {
          "version": "3.0.1",
          "resolved": "https://registry.npmjs.org/deep-eql/-/deep-eql-3.0.1.tgz",
          "integrity": "sha512-+QeIQyN5ZuO+3Uk5DYh6/1eKO0m0YmJFGNmFHGACpf1ClL1nmlV/p4gNgbl2pJGxgXb4faqo6UE+M5ACEMyVcw=="
        }
      }
    },
    "chalk": {
      "version": "2.1.0",
      "resolved": "https://registry.npmjs.org/chalk/-/chalk-2.1.0.tgz",
      "integrity": "sha512-LUHGS/dge4ujbXMJrnihYMcL4AoOweGnw9Tp3kQuqy1Kx5c1qKjqvMJZ6nVJPMWJtKCTN72ZogH3oeSO9g9rXQ==",
      "dependencies": {
        "ansi-styles": {
          "version": "3.2.0",
          "resolved": "https://registry.npmjs.org/ansi-styles/-/ansi-styles-3.2.0.tgz",
          "integrity": "sha512-NnSOmMEYtVR2JVMIGTzynRkkaxtiq1xnFBcdQD/DnNCYPoEPsVJhM98BDyaoNOQIi7p4okdi3E27eN7GQbsUug=="
        },
        "supports-color": {
          "version": "4.4.0",
          "resolved": "https://registry.npmjs.org/supports-color/-/supports-color-4.4.0.tgz",
          "integrity": "sha512-rKC3+DyXWgK0ZLKwmRsrkyHVZAjNkfzeehuFWdGGcqGDTZFH73+RH6S/RDAAxl9GusSjZSUWYLmT9N5pzXFOXQ=="
        }
      }
    },
    "compression": {
      "version": "1.7.0",
      "resolved": "https://registry.npmjs.org/compression/-/compression-1.7.0.tgz",
      "integrity": "sha1-AwyfGY8WQ6BX13anOOki2kNzAS0=",
      "dependencies": {
        "bytes": {
          "version": "2.5.0",
          "resolved": "https://registry.npmjs.org/bytes/-/bytes-2.5.0.tgz",
          "integrity": "sha1-TJQj6i0lLCcMQbK97+/5u2tiwGo="
        }
      }
    },
    "cookie-parser": {
      "version": "1.4.3",
      "resolved": "https://registry.npmjs.org/cookie-parser/-/cookie-parser-1.4.3.tgz",
      "integrity": "sha1-D+MfoZ0AC5X0qt8fU/3CuKIDuqU="
    },
    "css-loader": {
      "version": "0.28.7",
      "resolved": "https://registry.npmjs.org/css-loader/-/css-loader-0.28.7.tgz",
      "integrity": "sha512-GxMpax8a/VgcfRrVy0gXD6yLd5ePYbXX/5zGgTVYp4wXtJklS8Z2VaUArJgc//f6/Dzil7BaJObdSv8eKKCPgg==",
      "dependencies": {
        "source-list-map": {
          "version": "2.0.0",
          "resolved": "https://registry.npmjs.org/source-list-map/-/source-list-map-2.0.0.tgz",
          "integrity": "sha512-I2UmuJSRr/T8jisiROLU3A3ltr+swpniSmNPI4Ml3ZCX6tVnDsuZzK7F2hl5jTqbZBWCEKlj5HRQiPExXLgE8A=="
        }
      }
    },
    "csurf": {
      "version": "1.9.0",
      "resolved": "https://registry.npmjs.org/csurf/-/csurf-1.9.0.tgz",
      "integrity": "sha1-SdLGkl/87Ht95VlZfBU/pTM2QTM=",
      "dependencies": {
        "http-errors": {
          "version": "1.5.1",
          "resolved": "https://registry.npmjs.org/http-errors/-/http-errors-1.5.1.tgz",
          "integrity": "sha1-eIwNLB3iyBuebowBhDtrl+uSB1A="
        },
        "setprototypeof": {
          "version": "1.0.2",
          "resolved": "https://registry.npmjs.org/setprototypeof/-/setprototypeof-1.0.2.tgz",
          "integrity": "sha1-gaVSFB7BBLiOic44MQOtXGZWTQg="
        }
      }
    },
    "debug": {
      "version": "2.6.8",
      "resolved": "https://registry.npmjs.org/debug/-/debug-2.6.8.tgz",
      "integrity": "sha1-5zFTHKLt4n0YgiJCfaF4IdaP9Pw="
    },
    "dotenv": {
      "version": "4.0.0",
      "resolved": "https://registry.npmjs.org/dotenv/-/dotenv-4.0.0.tgz",
      "integrity": "sha1-hk7xN5rO1Vzm+V3r7NzhefegzR0="
    },
    "errorhandler": {
      "version": "1.5.0",
      "resolved": "https://registry.npmjs.org/errorhandler/-/errorhandler-1.5.0.tgz",
      "integrity": "sha1-6rpkyl1UKjEayUX1gt78M2Fl2fQ="
    },
    "eslint": {
      "version": "3.19.0",
      "resolved": "https://registry.npmjs.org/eslint/-/eslint-3.19.0.tgz",
      "integrity": "sha1-yPxiAcf0DdCJQbh8CFdnOGpnmsw=",
      "dev": true,
      "dependencies": {
        "chalk": {
          "version": "1.1.3",
          "resolved": "https://registry.npmjs.org/chalk/-/chalk-1.1.3.tgz",
          "integrity": "sha1-qBFcVeSnAv5NFQq9OHKCKn4J/Jg="
        }
      }
    },
    "eslint-config-airbnb-base": {
      "version": "9.0.0",
      "resolved": "https://registry.npmjs.org/eslint-config-airbnb-base/-/eslint-config-airbnb-base-9.0.0.tgz",
      "integrity": "sha1-A+E1ViqmxNDZ8bvaltkBMmv1itI=",
      "dev": true
    },
    "eslint-plugin-import": {
      "version": "2.2.0",
      "resolved": "https://registry.npmjs.org/eslint-plugin-import/-/eslint-plugin-import-2.2.0.tgz",
      "integrity": "sha1-crowb60wXWfEgWNIpGmaQimsi04=",
      "dev": true,
      "dependencies": {
        "doctrine": {
          "version": "1.5.0",
          "resolved": "https://registry.npmjs.org/doctrine/-/doctrine-1.5.0.tgz",
          "integrity": "sha1-N53Ocw9hZvds76TmcHoVmwLFpvo="
        }
      }
    },
    "express": {
      "version": "4.15.4",
      "resolved": "https://registry.npmjs.org/express/-/express-4.15.4.tgz",
      "integrity": "sha1-Ay4iU0ic+PzgJma+yj0R7XotrtE=",
      "dependencies": {
        "depd": {
          "version": "1.1.1",
          "resolved": "https://registry.npmjs.org/depd/-/depd-1.1.1.tgz",
          "integrity": "sha1-V4O04cRZ8G+lyif5kfPQbnoxA1k="
        },
        "finalhandler": {
          "version": "1.0.4",
          "resolved": "https://registry.npmjs.org/finalhandler/-/finalhandler-1.0.4.tgz",
          "integrity": "sha512-16l/r8RgzlXKmFOhZpHBztvye+lAhC5SU7hXavnerC9UfZqZxxXl3BzL8MhffPT3kF61lj9Oav2LKEzh0ei7tg=="
        },
        "http-errors": {
          "version": "1.6.2",
          "resolved": "https://registry.npmjs.org/http-errors/-/http-errors-1.6.2.tgz",
          "integrity": "sha1-CgAsyFcHGSp+eUbO7cERVfYOxzY="
        },
        "ipaddr.js": {
          "version": "1.4.0",
          "resolved": "https://registry.npmjs.org/ipaddr.js/-/ipaddr.js-1.4.0.tgz",
          "integrity": "sha1-KWrKh4qCGBbluF0KKFqZvP9FgvA="
        },
        "proxy-addr": {
          "version": "1.1.5",
          "resolved": "https://registry.npmjs.org/proxy-addr/-/proxy-addr-1.1.5.tgz",
          "integrity": "sha1-ccDuOxAt4/IC87ZPYI0XP8uhqRg="
        },
        "qs": {
          "version": "6.5.0",
          "resolved": "https://registry.npmjs.org/qs/-/qs-6.5.0.tgz",
          "integrity": "sha512-fjVFjW9yhqMhVGwRExCXLhJKrLlkYSaxNWdyc9rmHlrVZbk35YHH312dFd7191uQeXkI3mKLZTIbSvIeFwFemg=="
        },
        "send": {
          "version": "0.15.4",
          "resolved": "https://registry.npmjs.org/send/-/send-0.15.4.tgz",
          "integrity": "sha1-mF+qPihLAnPHkzZKNcZze9k5Bbk="
        },
        "serve-static": {
          "version": "1.12.4",
          "resolved": "https://registry.npmjs.org/serve-static/-/serve-static-1.12.4.tgz",
          "integrity": "sha1-m2qpjutyU8Tu3Ewfb9vKYJkBqWE="
        }
      }
    },
    "express-flash": {
      "version": "0.0.2",
      "resolved": "https://registry.npmjs.org/express-flash/-/express-flash-0.0.2.tgz",
      "integrity": "sha1-I9GovPP5DXB5KOSJ+Whp7K0KzaI="
    },
    "express-session": {
      "version": "1.15.5",
      "resolved": "https://registry.npmjs.org/express-session/-/express-session-1.15.5.tgz",
      "integrity": "sha512-BBVy6E/XqjB507wqe5T+7Ia2N/gtur/dT/fKmvGGKQqUrzI4dcBPGJgV4t2ciX7FoxZPhZcKTDTmb4+5nCyQOw==",
      "dependencies": {
        "depd": {
          "version": "1.1.1",
          "resolved": "https://registry.npmjs.org/depd/-/depd-1.1.1.tgz",
          "integrity": "sha1-V4O04cRZ8G+lyif5kfPQbnoxA1k="
        }
      }
    },
    "express-validator": {
      "version": "3.2.1",
      "resolved": "https://registry.npmjs.org/express-validator/-/express-validator-3.2.1.tgz",
      "integrity": "sha1-RWA+fu5pMYXCGY+969QUkl/9NSQ=",
      "dependencies": {
        "lodash": {
          "version": "4.17.4",
          "resolved": "https://registry.npmjs.org/lodash/-/lodash-4.17.4.tgz",
          "integrity": "sha1-eCA6TRwyiuHYbcpkYONptX9AVa4="
        }
      }
    },
    "formidable": {
      "version": "1.1.1",
      "resolved": "https://registry.npmjs.org/formidable/-/formidable-1.1.1.tgz",
      "integrity": "sha1-lriIb3w8NQi5Mta9cMTTqI818ak="
    },
    "gulp": {
      "version": "3.9.1",
      "resolved": "https://registry.npmjs.org/gulp/-/gulp-3.9.1.tgz",
      "integrity": "sha1-VxzkWSjdQK9lFPxAEYZgFsE4RbQ=",
      "dependencies": {
        "chalk": {
          "version": "1.1.3",
          "resolved": "https://registry.npmjs.org/chalk/-/chalk-1.1.3.tgz",
          "integrity": "sha1-qBFcVeSnAv5NFQq9OHKCKn4J/Jg="
        },
        "minimist": {
          "version": "1.2.0",
          "resolved": "https://registry.npmjs.org/minimist/-/minimist-1.2.0.tgz",
          "integrity": "sha1-o1AIsg9BOD7sH7kU9M1d95omQoQ="
        },
        "semver": {
          "version": "4.3.6",
          "resolved": "https://registry.npmjs.org/semver/-/semver-4.3.6.tgz",
          "integrity": "sha1-MAvG4OhjdPe6YQaLWx7NV/xlMto="
        }
      }
    },
    "gulp-autoprefixer": {
      "version": "4.0.0",
      "resolved": "https://registry.npmjs.org/gulp-autoprefixer/-/gulp-autoprefixer-4.0.0.tgz",
      "integrity": "sha1-4AqMVxuF0GUWrCY0G+kN/Z/B6rA=",
      "dependencies": {
        "autoprefixer": {
          "version": "7.1.2",
          "resolved": "https://registry.npmjs.org/autoprefixer/-/autoprefixer-7.1.2.tgz",
          "integrity": "sha1-++rwfUj9h44Ggr98vurecorbKxg="
        },
        "browserslist": {
          "version": "2.2.2",
          "resolved": "https://registry.npmjs.org/browserslist/-/browserslist-2.2.2.tgz",
          "integrity": "sha512-MejxGMNIeIqzgaMKVYfFTWHinrwZOnWMXteN9VlHinTd13/0aDmXY9uyRqNsCTnVxqRmrjQFcXI7cy0q9K1IYg=="
        },
        "postcss": {
          "version": "6.0.8",
          "resolved": "https://registry.npmjs.org/postcss/-/postcss-6.0.8.tgz",
          "integrity": "sha512-G6WnRmdTt2jvJvY+aY+M0AO4YlbxE+slKPZb+jG2P2U9Tyxi3h1fYZ/DgiFU6DC6bv3XIEJoZt+f/kNh8BrWFw=="
        },
        "source-map": {
          "version": "0.5.6",
          "resolved": "https://registry.npmjs.org/source-map/-/source-map-0.5.6.tgz",
          "integrity": "sha1-dc449SvwczxafwwRjYEzSiu19BI="
        },
        "supports-color": {
          "version": "4.2.1",
          "resolved": "https://registry.npmjs.org/supports-color/-/supports-color-4.2.1.tgz",
          "integrity": "sha512-qxzYsob3yv6U+xMzPrv170y8AwGP7i74g+pbixCfD6rgso8BscLT2qXIuz6TpOaiJZ3mFgT5O9lyT9nMU4LfaA=="
        }
      }
    },
    "gulp-sass": {
      "version": "3.1.0",
      "resolved": "https://registry.npmjs.org/gulp-sass/-/gulp-sass-3.1.0.tgz",
      "integrity": "sha1-U9xLaKH13f5EJKtMJHZVJpqLdLc="
    },
    "lodash": {
      "version": "4.17.4",
      "resolved": "https://registry.npmjs.org/lodash/-/lodash-4.17.4.tgz",
      "integrity": "sha1-eCA6TRwyiuHYbcpkYONptX9AVa4="
    },
    "lusca": {
      "version": "1.5.1",
      "resolved": "https://registry.npmjs.org/lusca/-/lusca-1.5.1.tgz",
      "integrity": "sha512-PHPUBvUr6HbrtxHRNoySayZIeszREXQow6DcJnpFA+81psU5Yri18WWcrgHwsiBowxIt9ce4GQ8tI5O6udJz4g=="
    },
    "mocha": {
      "version": "3.5.3",
      "resolved": "https://registry.npmjs.org/mocha/-/mocha-3.5.3.tgz",
      "integrity": "sha512-/6na001MJWEtYxHOV1WLfsmR4YIynkUEhBwzsb+fk2qmQ3iqsi258l/Q2MWHJMImAcNpZ8DEdYAK72NHoIQ9Eg==",
      "dev": true,
      "dependencies": {
        "commander": {
          "version": "2.9.0",
          "resolved": "https://registry.npmjs.org/commander/-/commander-2.9.0.tgz",
          "integrity": "sha1-nJkJQXbhIkDLItbFFGCYQA/g99Q="
        },
        "glob": {
          "version": "7.1.1",
          "resolved": "https://registry.npmjs.org/glob/-/glob-7.1.1.tgz",
          "integrity": "sha1-gFIR3wT6rxxjo2ADBs31reULLsg="
        },
        "has-flag": {
          "version": "1.0.0",
          "resolved": "https://registry.npmjs.org/has-flag/-/has-flag-1.0.0.tgz",
          "integrity": "sha1-nZ55MWXOAXoA8AQYxD+UKnsdEfo="
        },
        "supports-color": {
          "version": "3.1.2",
          "resolved": "https://registry.npmjs.org/supports-color/-/supports-color-3.1.2.tgz",
          "integrity": "sha1-cqJiiU2dQIuVbKBf83su2KbiotU="
        }
      }
    },
    "morgan": {
      "version": "1.8.2",
      "resolved": "https://registry.npmjs.org/morgan/-/morgan-1.8.2.tgz",
      "integrity": "sha1-eErHc05KRTqcbm6GgKkyknXItoc="
    },
    "multer": {
      "version": "1.3.0",
      "resolved": "https://registry.npmjs.org/multer/-/multer-1.3.0.tgz",
      "integrity": "sha1-CSsmcPaEb6SRSWXvyM+Uwg/sbNI=",
      "dependencies": {
        "object-assign": {
          "version": "3.0.0",
          "resolved": "https://registry.npmjs.org/object-assign/-/object-assign-3.0.0.tgz",
          "integrity": "sha1-m+3VygiXlJvKR+f/QIBi1Un1h/I="
        }
      }
    },
    "nodemon": {
      "version": "1.12.0",
      "resolved": "https://registry.npmjs.org/nodemon/-/nodemon-1.12.0.tgz",
      "integrity": "sha1-5ThUindzQKGfhVxPCHt+Uoqj/to=",
      "dependencies": {
        "chalk": {
          "version": "1.1.3",
          "resolved": "https://registry.npmjs.org/chalk/-/chalk-1.1.3.tgz",
          "integrity": "sha1-qBFcVeSnAv5NFQq9OHKCKn4J/Jg="
        },
        "configstore": {
          "version": "3.1.1",
          "resolved": "https://registry.npmjs.org/configstore/-/configstore-3.1.1.tgz",
          "integrity": "sha512-5oNkD/L++l0O6xGXxb1EWS7SivtjfGQlRyxJsYgE0Z495/L81e2h4/d3r969hoPXuFItzNOKMtsXgYG4c7dYvw=="
        },
        "es6-promise": {
          "version": "3.3.1",
          "resolved": "https://registry.npmjs.org/es6-promise/-/es6-promise-3.3.1.tgz",
          "integrity": "sha1-oIzd6EzNvzTQJ6FFG8kdS80ophM="
        },
        "got": {
          "version": "6.7.1",
          "resolved": "https://registry.npmjs.org/got/-/got-6.7.1.tgz",
          "integrity": "sha1-JAzQV4WpoY5WHcG0S0HHY+8ejbA="
        },
        "latest-version": {
          "version": "3.1.0",
          "resolved": "https://registry.npmjs.org/latest-version/-/latest-version-3.1.0.tgz",
          "integrity": "sha1-ogU4P+oyKzO1rjsYq+4NwvNW7hU="
        },
        "nopt": {
          "version": "1.0.10",
          "resolved": "https://registry.npmjs.org/nopt/-/nopt-1.0.10.tgz",
          "integrity": "sha1-bd0hvSoxQXuScn3Vhfim83YI6+4="
        },
        "package-json": {
          "version": "4.0.1",
          "resolved": "https://registry.npmjs.org/package-json/-/package-json-4.0.1.tgz",
          "integrity": "sha1-iGmgQBJTZhxMTKPabCEh7VVfXu0="
        },
        "timed-out": {
          "version": "4.0.1",
          "resolved": "https://registry.npmjs.org/timed-out/-/timed-out-4.0.1.tgz",
          "integrity": "sha1-8y6srFoXW+ol1/q1Zas+2HQe9W8="
        },
        "touch": {
          "version": "3.1.0",
          "resolved": "https://registry.npmjs.org/touch/-/touch-3.1.0.tgz",
          "integrity": "sha512-WBx8Uy5TLtOSRtIq+M03/sKDrXCLHxwDcquSP2c43Le03/9serjQBIztjRz6FkJez9D/hleyAXTBGLwwZUw9lA=="
        },
        "update-notifier": {
          "version": "2.2.0",
          "resolved": "https://registry.npmjs.org/update-notifier/-/update-notifier-2.2.0.tgz",
          "integrity": "sha1-G1g3z5DAc22IYncytmHBOPht5y8="
        },
        "write-file-atomic": {
          "version": "2.3.0",
          "resolved": "https://registry.npmjs.org/write-file-atomic/-/write-file-atomic-2.3.0.tgz",
          "integrity": "sha512-xuPeK4OdjWqtfi59ylvVL0Yn35SF3zgcAcv7rBPFHVaEapaDr4GdGgm3j7ckTwH9wHL7fGmgfAnb0+THrHb8tA=="
        },
        "xdg-basedir": {
          "version": "3.0.0",
          "resolved": "https://registry.npmjs.org/xdg-basedir/-/xdg-basedir-3.0.0.tgz",
          "integrity": "sha1-SWsswQnsqNus/i3HK2A8F8WHCtQ="
        }
      }
    },
    "pug": {
      "version": "2.0.0-rc.4",
      "resolved": "https://registry.npmjs.org/pug/-/pug-2.0.0-rc.4.tgz",
      "integrity": "sha512-SL7xovj6E2Loq9N0UgV6ynjMLW4urTFY/L/Fprhvz13Xc5vjzkjZjI1QHKq31200+6PSD8PyU6MqrtCTJj6/XA==",
      "dependencies": {
        "pug-code-gen": {
          "version": "2.0.0",
          "resolved": "https://registry.npmjs.org/pug-code-gen/-/pug-code-gen-2.0.0.tgz",
          "integrity": "sha512-E4oiJT+Jn5tyEIloj8dIJQognbiNNp0i0cAJmYtQTFS0soJ917nlIuFtqVss3IXMEyQKUew3F4gIkBpn18KbVg=="
        },
        "pug-filters": {
          "version": "2.1.5",
          "resolved": "https://registry.npmjs.org/pug-filters/-/pug-filters-2.1.5.tgz",
          "integrity": "sha512-xkw71KtrC4sxleKiq+cUlQzsiLn8pM5+vCgkChW2E6oNOzaqTSIBKIQ5cl4oheuDzvJYCTSYzRaVinMUrV4YLQ=="
        },
        "pug-linker": {
          "version": "3.0.3",
          "resolved": "https://registry.npmjs.org/pug-linker/-/pug-linker-3.0.3.tgz",
          "integrity": "sha512-DCKczglCXOzJ1lr4xUj/lVHYvS+lGmR2+KTCjZjtIpdwaN7lNOoX2SW6KFX5X4ElvW+6ThwB+acSUg08UJFN5A=="
        },
        "pug-load": {
          "version": "2.0.9",
          "resolved": "https://registry.npmjs.org/pug-load/-/pug-load-2.0.9.tgz",
          "integrity": "sha512-BDdZOCru4mg+1MiZwRQZh25+NTRo/R6/qArrdWIf308rHtWA5N9kpoUskRe4H6FslaQujC+DigH9LqlBA4gf6Q=="
        },
        "pug-parser": {
          "version": "4.0.0",
          "resolved": "https://registry.npmjs.org/pug-parser/-/pug-parser-4.0.0.tgz",
          "integrity": "sha512-ocEUFPdLG9awwFj0sqi1uiZLNvfoodCMULZzkRqILryIWc/UUlDlxqrKhKjAIIGPX/1SNsvxy63+ayEGocGhQg=="
        },
        "pug-walk": {
          "version": "1.1.5",
          "resolved": "https://registry.npmjs.org/pug-walk/-/pug-walk-1.1.5.tgz",
          "integrity": "sha512-rJlH1lXerCIAtImXBze3dtKq/ykZMA4rpO9FnPcIgsWcxZLOvd8zltaoeOVFyBSSqCkhhJWbEbTMga8UxWUUSA=="
        }
      }
    },
    "pug-lint": {
      "version": "2.5.0",
      "resolved": "https://registry.npmjs.org/pug-lint/-/pug-lint-2.5.0.tgz",
      "integrity": "sha1-RBnuMBrspF9UBhsOykqaRx86qak=",
      "dev": true,
      "dependencies": {
        "acorn": {
          "version": "4.0.13",
          "resolved": "https://registry.npmjs.org/acorn/-/acorn-4.0.13.tgz",
          "integrity": "sha1-EFSVrlNh1pe9GVyCUZLhrX8lN4c="
        },
        "commander": {
          "version": "2.11.0",
          "resolved": "https://registry.npmjs.org/commander/-/commander-2.11.0.tgz",
          "integrity": "sha512-b0553uYA5YAEGgyYIGYROzKQ7X5RAqedkfjiZxwi0kL1g3bOaBNNZfYkzt/CL0umgD5wc9Jec2FbB98CjkMRvQ=="
        },
        "is-expression": {
          "version": "3.0.0",
          "resolved": "https://registry.npmjs.org/is-expression/-/is-expression-3.0.0.tgz",
          "integrity": "sha1-Oayqa+f9HzRx3ELHQW5hwkMXrJ8="
        },
        "pug-lexer": {
          "version": "2.3.2",
          "resolved": "https://registry.npmjs.org/pug-lexer/-/pug-lexer-2.3.2.tgz",
          "integrity": "sha1-aLGdlupdwOSoYUiwHLlmwXgVphQ="
        }
      }
    },
    "request": {
      "version": "2.81.0",
      "resolved": "https://registry.npmjs.org/request/-/request-2.81.0.tgz",
      "integrity": "sha1-xpKJRqDgbF+Nb4qTM0af/aRimKA="
    },
    "serve-favicon": {
      "version": "2.4.4",
      "resolved": "https://registry.npmjs.org/serve-favicon/-/serve-favicon-2.4.4.tgz",
      "integrity": "sha1-QS3ddJZRUcn3TAgo811QxSUCEN4=",
      "dependencies": {
        "fresh": {
          "version": "0.5.1",
          "resolved": "https://registry.npmjs.org/fresh/-/fresh-0.5.1.tgz",
          "integrity": "sha1-w6CLzsD83MIj7fOyPrMn8fn8v1w="
        },
        "parseurl": {
          "version": "1.3.2",
          "resolved": "https://registry.npmjs.org/parseurl/-/parseurl-1.3.2.tgz",
          "integrity": "sha1-/CidTtiZMRlGDBViUyYs3I3mW/M="
        }
      }
    },
    "sinon": {
      "version": "2.4.1",
      "resolved": "https://registry.npmjs.org/sinon/-/sinon-2.4.1.tgz",
      "integrity": "sha512-vFTrO9Wt0ECffDYIPSP/E5bBugt0UjcBQOfQUMh66xzkyPEnhl/vM2LRZi2ajuTdkH07sA6DzrM6KvdvGIH8xw==",
      "dev": true,
      "dependencies": {
        "isarray": {
          "version": "0.0.1",
          "resolved": "https://registry.npmjs.org/isarray/-/isarray-0.0.1.tgz",
          "integrity": "sha1-ihis/Kmo9Bd+Cav8YDiTmwXR7t8="
        },
        "path-to-regexp": {
          "version": "1.7.0",
          "resolved": "https://registry.npmjs.org/path-to-regexp/-/path-to-regexp-1.7.0.tgz",
          "integrity": "sha1-Wf3g9DW62suhA6hOnTvGTpa5k30="
        }
      }
    },
    "sinon-mongoose": {
      "version": "2.0.2",
      "resolved": "https://registry.npmjs.org/sinon-mongoose/-/sinon-mongoose-2.0.2.tgz",
      "integrity": "sha1-ZYyuciZXkW0uHmUrApo28ehHrPU=",
      "dev": true
    },
    "superagent": {
      "version": "3.6.0",
      "resolved": "https://registry.npmjs.org/superagent/-/superagent-3.6.0.tgz",
      "integrity": "sha512-oWsu4mboo8sVxagp4bNwZIR1rUmypeAJDmNIwT9mF4k06hSu6P92aOjEWLaIj7vsX3fOUp+cRH/04tao+q5Q7A==",
      "dependencies": {
        "mime": {
          "version": "1.4.0",
          "resolved": "https://registry.npmjs.org/mime/-/mime-1.4.0.tgz",
          "integrity": "sha512-n9ChLv77+QQEapYz8lV+rIZAW3HhAPW2CXnzb1GN5uMkuczshwvkW7XPsbzU0ZQN3sP47Er2KVkp2p3KyqZKSQ=="
        }
      }
    },
    "supertest": {
      "version": "3.0.0",
      "resolved": "https://registry.npmjs.org/supertest/-/supertest-3.0.0.tgz",
      "integrity": "sha1-jUu2j9GDDuBwM7HFpamkAhyWUpY=",
      "dev": true
    }
  }
}
